
Microsoft Visual Studio Solution File, Format Version 12.00
# Visual Studio 15
VisualStudioVersion = 15.0.27130.2027
MinimumVisualStudioVersion = 10.0.40219.1
Project("{FAE04EC0-301F-11D3-BF4B-00C04F79EFBC}") = "MiddleCharacter", "MiddleCharacter\MiddleCharacter.csproj", "{202AE8B4-56F1-4DE6-BCF0-DE2A3B1FD25A}"
EndProject
Project("{FAE04EC0-301F-11D3-BF4B-00C04F79EFBC}") = "MiddleCharacterTests", "MiddleCharacterTests\MiddleCharacterTests.csproj", "{AE40BB7A-EEB3-45A9-9CAE-C804F6C1AD83}"
EndProject
Global
	GlobalSection(SolutionConfigurationPlatforms) = preSolution
		Debug|Any CPU = Debug|Any CPU
		Release|Any CPU = Release|Any CPU
	EndGlobalSection
	GlobalSection(ProjectConfigurationPlatforms) = postSolution
		{202AE8B4-56F1-4DE6-BCF0-DE2A3B1FD25A}.Debug|Any CPU.ActiveCfg = Debug|Any CPU
		{202AE8B4-56F1-4DE6-BCF0-DE2A3B1FD25A}.Debug|Any CPU.Build.0 = Debug|Any CPU
		{202AE8B4-56F1-4DE6-BCF0-DE2A3B1FD25A}.Release|Any CPU.ActiveCfg = Release|Any CPU
		{202AE8B4-56F1-4DE6-BCF0-DE2A3B1FD25A}.Release|Any CPU.Build.0 = Release|Any CPU
		{AE40BB7A-EEB3-45A9-9CAE-C804F6C1AD83}.Debug|Any CPU.ActiveCfg = Debug|Any CPU
		{AE40BB7A-EEB3-45A9-9CAE-C804F6C1AD83}.Debug|Any CPU.Build.0 = Debug|Any CPU
		{AE40BB7A-EEB3-45A9-9CAE-C804F6C1AD83}.Release|Any CPU.ActiveCfg = Release|Any CPU
		{AE40BB7A-EEB3-45A9-9CAE-C804F6C1AD83}.Release|Any CPU.Build.0 = Release|Any CPU
	EndGlobalSection
	GlobalSection(SolutionProperties) = preSolution
		HideSolutionNode = FALSE
	EndGlobalSection
	GlobalSection(ExtensibilityGlobals) = postSolution
		SolutionGuid = {CE305AEB-8C2F-44EE-A176-5C4DFABC6698}
	EndGlobalSection
EndGlobal
